
Microsoft Visual Studio Solution File, Format Version 12.00
# Visual Studio Version 16
VisualStudioVersion = 16.0.30104.148
MinimumVisualStudioVersion = 10.0.40219.1
Project("{9A19103F-16F7-4668-BE54-9A1E7A4F7556}") = "TestNtlmCore31", "TestNtlmCore31\TestNtlmCore31.csproj", "{CDD00D4C-62C5-44C4-98BE-8A2F4579A365}"
EndProject
Project("{D954291E-2A0B-460D-934E-DC6B0785DB48}") = "SharedTests", "SharedTests\SharedTests.shproj", "{B7502701-4953-40AD-AB9E-E0FB52EBEDFE}"
EndProject
Project("{9A19103F-16F7-4668-BE54-9A1E7A4F7556}") = "TestNtlmCore21", "TestNtlmCore21\TestNtlmCore21.csproj", "{1BD9BCAA-3790-430A-9D14-D8D75E09746A}"
EndProject
Project("{FAE04EC0-301F-11D3-BF4B-00C04F79EFBC}") = "TestNtlmCore50", "TestNtlmCore50\TestNtlmCore50.csproj", "{2DFDF8C5-76A1-4232-8CF7-EF00CEA6C39E}"
EndProject
Project("{2150E333-8FDC-42A3-9474-1A3956D46DE8}") = "Solution Items", "Solution Items", "{405F91DC-4A5C-4F53-8290-E4831D91F900}"
	ProjectSection(SolutionItems) = preProject
		..\README.md = ..\README.md
	EndProjectSection
EndProject
Project("{FAE04EC0-301F-11D3-BF4B-00C04F79EFBC}") = "TestNtlmXamarinAndroidMonoWebRequestHandler", "TestNtlmAndroidMonoWebRequestHandler\TestNtlmXamarinAndroidMonoWebRequestHandler.csproj", "{23597E40-FB05-4FF3-A185-86A24C5646DE}"
EndProject
Project("{FAE04EC0-301F-11D3-BF4B-00C04F79EFBC}") = "TestNtlmXamariniOS", "TestNtlmiOS\TestNtlmXamariniOS.csproj", "{60795138-C57E-48D2-A734-95DCE3805355}"
EndProject
Global
	GlobalSection(SharedMSBuildProjectFiles) = preSolution
		SharedTests\SharedTests.projitems*{1bd9bcaa-3790-430a-9d14-d8d75e09746a}*SharedItemsImports = 5
		SharedTests\SharedTests.projitems*{23597e40-fb05-4ff3-a185-86a24c5646de}*SharedItemsImports = 4
		SharedTests\SharedTests.projitems*{60795138-c57e-48d2-a734-95dce3805355}*SharedItemsImports = 4
		SharedTests\SharedTests.projitems*{b7502701-4953-40ad-ab9e-e0fb52ebedfe}*SharedItemsImports = 13
		SharedTests\SharedTests.projitems*{cdd00d4c-62c5-44c4-98be-8a2f4579a365}*SharedItemsImports = 5
	EndGlobalSection
	GlobalSection(SolutionConfigurationPlatforms) = preSolution
		Debug|Any CPU = Debug|Any CPU
		Debug|iPhone = Debug|iPhone
		Debug|iPhoneSimulator = Debug|iPhoneSimulator
		Release|Any CPU = Release|Any CPU
		Release|iPhone = Release|iPhone
		Release|iPhoneSimulator = Release|iPhoneSimulator
	EndGlobalSection
	GlobalSection(ProjectConfigurationPlatforms) = postSolution
		{CDD00D4C-62C5-44C4-98BE-8A2F4579A365}.Debug|Any CPU.ActiveCfg = Debug|Any CPU
		{CDD00D4C-62C5-44C4-98BE-8A2F4579A365}.Debug|Any CPU.Build.0 = Debug|Any CPU
		{CDD00D4C-62C5-44C4-98BE-8A2F4579A365}.Debug|iPhone.ActiveCfg = Debug|Any CPU
		{CDD00D4C-62C5-44C4-98BE-8A2F4579A365}.Debug|iPhone.Build.0 = Debug|Any CPU
		{CDD00D4C-62C5-44C4-98BE-8A2F4579A365}.Debug|iPhoneSimulator.ActiveCfg = Debug|Any CPU
		{CDD00D4C-62C5-44C4-98BE-8A2F4579A365}.Debug|iPhoneSimulator.Build.0 = Debug|Any CPU
		{CDD00D4C-62C5-44C4-98BE-8A2F4579A365}.Release|Any CPU.ActiveCfg = Release|Any CPU
		{CDD00D4C-62C5-44C4-98BE-8A2F4579A365}.Release|Any CPU.Build.0 = Release|Any CPU
		{CDD00D4C-62C5-44C4-98BE-8A2F4579A365}.Release|iPhone.ActiveCfg = Release|Any CPU
		{CDD00D4C-62C5-44C4-98BE-8A2F4579A365}.Release|iPhone.Build.0 = Release|Any CPU
		{CDD00D4C-62C5-44C4-98BE-8A2F4579A365}.Release|iPhoneSimulator.ActiveCfg = Release|Any CPU
		{CDD00D4C-62C5-44C4-98BE-8A2F4579A365}.Release|iPhoneSimulator.Build.0 = Release|Any CPU
		{1BD9BCAA-3790-430A-9D14-D8D75E09746A}.Debug|Any CPU.ActiveCfg = Debug|Any CPU
		{1BD9BCAA-3790-430A-9D14-D8D75E09746A}.Debug|Any CPU.Build.0 = Debug|Any CPU
		{1BD9BCAA-3790-430A-9D14-D8D75E09746A}.Debug|iPhone.ActiveCfg = Debug|Any CPU
		{1BD9BCAA-3790-430A-9D14-D8D75E09746A}.Debug|iPhone.Build.0 = Debug|Any CPU
		{1BD9BCAA-3790-430A-9D14-D8D75E09746A}.Debug|iPhoneSimulator.ActiveCfg = Debug|Any CPU
		{1BD9BCAA-3790-430A-9D14-D8D75E09746A}.Debug|iPhoneSimulator.Build.0 = Debug|Any CPU
		{1BD9BCAA-3790-430A-9D14-D8D75E09746A}.Release|Any CPU.ActiveCfg = Release|Any CPU
		{1BD9BCAA-3790-430A-9D14-D8D75E09746A}.Release|Any CPU.Build.0 = Release|Any CPU
		{1BD9BCAA-3790-430A-9D14-D8D75E09746A}.Release|iPhone.ActiveCfg = Release|Any CPU
		{1BD9BCAA-3790-430A-9D14-D8D75E09746A}.Release|iPhone.Build.0 = Release|Any CPU
		{1BD9BCAA-3790-430A-9D14-D8D75E09746A}.Release|iPhoneSimulator.ActiveCfg = Release|Any CPU
		{1BD9BCAA-3790-430A-9D14-D8D75E09746A}.Release|iPhoneSimulator.Build.0 = Release|Any CPU
		{2DFDF8C5-76A1-4232-8CF7-EF00CEA6C39E}.Debug|Any CPU.ActiveCfg = Debug|Any CPU
		{2DFDF8C5-76A1-4232-8CF7-EF00CEA6C39E}.Debug|Any CPU.Build.0 = Debug|Any CPU
		{2DFDF8C5-76A1-4232-8CF7-EF00CEA6C39E}.Debug|iPhone.ActiveCfg = Debug|Any CPU
		{2DFDF8C5-76A1-4232-8CF7-EF00CEA6C39E}.Debug|iPhoneSimulator.ActiveCfg = Debug|Any CPU
		{2DFDF8C5-76A1-4232-8CF7-EF00CEA6C39E}.Release|Any CPU.ActiveCfg = Release|Any CPU
		{2DFDF8C5-76A1-4232-8CF7-EF00CEA6C39E}.Release|Any CPU.Build.0 = Release|Any CPU
		{2DFDF8C5-76A1-4232-8CF7-EF00CEA6C39E}.Release|iPhone.ActiveCfg = Release|Any CPU
		{2DFDF8C5-76A1-4232-8CF7-EF00CEA6C39E}.Release|iPhoneSimulator.ActiveCfg = Release|Any CPU
		{23597E40-FB05-4FF3-A185-86A24C5646DE}.Debug|Any CPU.ActiveCfg = Debug|Any CPU
		{23597E40-FB05-4FF3-A185-86A24C5646DE}.Debug|Any CPU.Build.0 = Debug|Any CPU
		{23597E40-FB05-4FF3-A185-86A24C5646DE}.Debug|Any CPU.Deploy.0 = Debug|Any CPU
		{23597E40-FB05-4FF3-A185-86A24C5646DE}.Debug|iPhone.ActiveCfg = Debug|Any CPU
		{23597E40-FB05-4FF3-A185-86A24C5646DE}.Debug|iPhone.Build.0 = Debug|Any CPU
		{23597E40-FB05-4FF3-A185-86A24C5646DE}.Debug|iPhone.Deploy.0 = Debug|Any CPU
		{23597E40-FB05-4FF3-A185-86A24C5646DE}.Debug|iPhoneSimulator.ActiveCfg = Debug|Any CPU
		{23597E40-FB05-4FF3-A185-86A24C5646DE}.Debug|iPhoneSimulator.Build.0 = Debug|Any CPU
		{23597E40-FB05-4FF3-A185-86A24C5646DE}.Debug|iPhoneSimulator.Deploy.0 = Debug|Any CPU
		{23597E40-FB05-4FF3-A185-86A24C5646DE}.Release|Any CPU.ActiveCfg = Release|Any CPU
		{23597E40-FB05-4FF3-A185-86A24C5646DE}.Release|Any CPU.Build.0 = Release|Any CPU
		{23597E40-FB05-4FF3-A185-86A24C5646DE}.Release|Any CPU.Deploy.0 = Release|Any CPU
		{23597E40-FB05-4FF3-A185-86A24C5646DE}.Release|iPhone.ActiveCfg = Release|Any CPU
		{23597E40-FB05-4FF3-A185-86A24C5646DE}.Release|iPhone.Build.0 = Release|Any CPU
		{23597E40-FB05-4FF3-A185-86A24C5646DE}.Release|iPhone.Deploy.0 = Release|Any CPU
		{23597E40-FB05-4FF3-A185-86A24C5646DE}.Release|iPhoneSimulator.ActiveCfg = Release|Any CPU
		{23597E40-FB05-4FF3-A185-86A24C5646DE}.Release|iPhoneSimulator.Build.0 = Release|Any CPU
		{23597E40-FB05-4FF3-A185-86A24C5646DE}.Release|iPhoneSimulator.Deploy.0 = Release|Any CPU
		{60795138-C57E-48D2-A734-95DCE3805355}.Debug|Any CPU.ActiveCfg = Debug|iPhone
		{60795138-C57E-48D2-A734-95DCE3805355}.Debug|iPhone.ActiveCfg = Debug|iPhone
		{60795138-C57E-48D2-A734-95DCE3805355}.Debug|iPhone.Build.0 = Debug|iPhone
		{60795138-C57E-48D2-A734-95DCE3805355}.Debug|iPhoneSimulator.ActiveCfg = Debug|iPhoneSimulator
		{60795138-C57E-48D2-A734-95DCE3805355}.Debug|iPhoneSimulator.Build.0 = Debug|iPhoneSimulator
		{60795138-C57E-48D2-A734-95DCE3805355}.Release|Any CPU.ActiveCfg = Release|iPhone
		{60795138-C57E-48D2-A734-95DCE3805355}.Release|iPhone.ActiveCfg = Release|iPhone
		{60795138-C57E-48D2-A734-95DCE3805355}.Release|iPhone.Build.0 = Release|iPhone
		{60795138-C57E-48D2-A734-95DCE3805355}.Release|iPhoneSimulator.ActiveCfg = Release|iPhoneSimulator
		{60795138-C57E-48D2-A734-95DCE3805355}.Release|iPhoneSimulator.Build.0 = Release|iPhoneSimulator
	EndGlobalSection
	GlobalSection(SolutionProperties) = preSolution
		HideSolutionNode = FALSE
	EndGlobalSection
	GlobalSection(ExtensibilityGlobals) = postSolution
		SolutionGuid = {2685AB47-4F8F-4F81-8A86-610AC7779030}
	EndGlobalSection
EndGlobal
